Microsoft Visual Studio Solution File, Format Version 12.00
# Visual Studio 2012
Project("{FAE04EC0-301F-11D3-BF4B-00C04F79EFBC}") = "Demo2", "Demo2.csproj", "{143C273B-C52F-4500-9B58-B38BD891936C}"
EndProject
Global
	GlobalSection(SolutionConfigurationPlatforms) = preSolution
	Debug|Any CPU = Debug|Any CPU
	ExportDebug|Any CPU = ExportDebug|Any CPU
	ExportRelease|Any CPU = ExportRelease|Any CPU
	EndGlobalSection
	GlobalSection(ProjectConfigurationPlatforms) = postSolution
		{143C273B-C52F-4500-9B58-B38BD891936C}.Debug|Any CPU.ActiveCfg = Debug|Any CPU
		{143C273B-C52F-4500-9B58-B38BD891936C}.Debug|Any CPU.Build.0 = Debug|Any CPU
		{143C273B-C52F-4500-9B58-B38BD891936C}.ExportDebug|Any CPU.ActiveCfg = ExportDebug|Any CPU
		{143C273B-C52F-4500-9B58-B38BD891936C}.ExportDebug|Any CPU.Build.0 = ExportDebug|Any CPU
		{143C273B-C52F-4500-9B58-B38BD891936C}.ExportRelease|Any CPU.ActiveCfg = ExportRelease|Any CPU
		{143C273B-C52F-4500-9B58-B38BD891936C}.ExportRelease|Any CPU.Build.0 = ExportRelease|Any CPU
	EndGlobalSection
EndGlobal
